
Microsoft Visual Studio Solution File, Format Version 12.00
# Visual Studio 15
VisualStudioVersion = 15.0.28307.168
MinimumVisualStudioVersion = 10.0.40219.1
Project("{2150E333-8FDC-42A3-9474-1A3956D46DE8}") = "src", "src", "{2974A603-5855-4C8A-8681-1B230E5EA571}"
EndProject
Project("{2150E333-8FDC-42A3-9474-1A3956D46DE8}") = "docs", "docs", "{C83FC9AC-0578-49B4-8AAB-C739DF123DF4}"
EndProject
Project("{2150E333-8FDC-42A3-9474-1A3956D46DE8}") = "tests", "tests", "{B4CE8828-78D0-4753-A32D-DE45FDB1AD8F}"
EndProject
Project("{9A19103F-16F7-4668-BE54-9A1E7A4F7556}") = "ApplicationCore", "src\ApplicationCore\ApplicationCore.csproj", "{0A07376B-03FC-49B5-8EE1-6CAC288BEDE2}"
EndProject
Project("{9A19103F-16F7-4668-BE54-9A1E7A4F7556}") = "DatabaseContext", "src\Database\DatabaseContext.csproj", "{BEBAD237-36E3-41C0-8482-E706D8E84860}"
EndProject
Project("{2150E333-8FDC-42A3-9474-1A3956D46DE8}") = "Services", "Services", "{B64511DF-2C28-45C8-9646-06488962ABCB}"
EndProject
Project("{9A19103F-16F7-4668-BE54-9A1E7A4F7556}") = "WebApi", "src\Services\WebApi\WebApi.csproj", "{30F44389-9A73-4981-8B64-53D30F15C794}"
EndProject
Project("{2150E333-8FDC-42A3-9474-1A3956D46DE8}") = "WebApps", "WebApps", "{5D699C3A-6FDC-4FCF-B2F9-6AA426D0BF2F}"
EndProject
Project("{9A19103F-16F7-4668-BE54-9A1E7A4F7556}") = "ManagementApp", "src\WebApps\ManagementApp\ManagementApp.csproj", "{81AF2485-4AB9-4C5D-AB41-524B2A808D73}"
EndProject
Project("{2150E333-8FDC-42A3-9474-1A3956D46DE8}") = "WinApps", "WinApps", "{CE114863-AB8B-4B81-943A-B779218A1C4A}"
EndProject
Project("{FAE04EC0-301F-11D3-BF4B-00C04F79EFBC}") = "SalesApp", "src\WinApps\SalesApp\SalesApp.csproj", "{F3BF528F-9F0B-483A-8541-BFAD37D13F7E}"
EndProject
Project("{9A19103F-16F7-4668-BE54-9A1E7A4F7556}") = "Utility", "src\Services\Utility\Utility.csproj", "{DB46F1EB-8577-4EF0-AF60-185D38CBFEA5}"
EndProject
Global
	GlobalSection(SolutionConfigurationPlatforms) = preSolution
		Debug|Any CPU = Debug|Any CPU
		Release|Any CPU = Release|Any CPU
	EndGlobalSection
	GlobalSection(ProjectConfigurationPlatforms) = postSolution
		{0A07376B-03FC-49B5-8EE1-6CAC288BEDE2}.Debug|Any CPU.ActiveCfg = Debug|Any CPU
		{0A07376B-03FC-49B5-8EE1-6CAC288BEDE2}.Debug|Any CPU.Build.0 = Debug|Any CPU
		{0A07376B-03FC-49B5-8EE1-6CAC288BEDE2}.Release|Any CPU.ActiveCfg = Release|Any CPU
		{0A07376B-03FC-49B5-8EE1-6CAC288BEDE2}.Release|Any CPU.Build.0 = Release|Any CPU
		{BEBAD237-36E3-41C0-8482-E706D8E84860}.Debug|Any CPU.ActiveCfg = Debug|Any CPU
		{BEBAD237-36E3-41C0-8482-E706D8E84860}.Debug|Any CPU.Build.0 = Debug|Any CPU
		{BEBAD237-36E3-41C0-8482-E706D8E84860}.Release|Any CPU.ActiveCfg = Release|Any CPU
		{BEBAD237-36E3-41C0-8482-E706D8E84860}.Release|Any CPU.Build.0 = Release|Any CPU
		{30F44389-9A73-4981-8B64-53D30F15C794}.Debug|Any CPU.ActiveCfg = Debug|Any CPU
		{30F44389-9A73-4981-8B64-53D30F15C794}.Debug|Any CPU.Build.0 = Debug|Any CPU
		{30F44389-9A73-4981-8B64-53D30F15C794}.Release|Any CPU.ActiveCfg = Release|Any CPU
		{30F44389-9A73-4981-8B64-53D30F15C794}.Release|Any CPU.Build.0 = Release|Any CPU
		{81AF2485-4AB9-4C5D-AB41-524B2A808D73}.Debug|Any CPU.ActiveCfg = Debug|Any CPU
		{81AF2485-4AB9-4C5D-AB41-524B2A808D73}.Debug|Any CPU.Build.0 = Debug|Any CPU
		{81AF2485-4AB9-4C5D-AB41-524B2A808D73}.Release|Any CPU.ActiveCfg = Release|Any CPU
		{81AF2485-4AB9-4C5D-AB41-524B2A808D73}.Release|Any CPU.Build.0 = Release|Any CPU
		{F3BF528F-9F0B-483A-8541-BFAD37D13F7E}.Debug|Any CPU.ActiveCfg = Debug|Any CPU
		{F3BF528F-9F0B-483A-8541-BFAD37D13F7E}.Debug|Any CPU.Build.0 = Debug|Any CPU
		{F3BF528F-9F0B-483A-8541-BFAD37D13F7E}.Release|Any CPU.ActiveCfg = Release|Any CPU
		{F3BF528F-9F0B-483A-8541-BFAD37D13F7E}.Release|Any CPU.Build.0 = Release|Any CPU
		{DB46F1EB-8577-4EF0-AF60-185D38CBFEA5}.Debug|Any CPU.ActiveCfg = Debug|Any CPU
		{DB46F1EB-8577-4EF0-AF60-185D38CBFEA5}.Debug|Any CPU.Build.0 = Debug|Any CPU
		{DB46F1EB-8577-4EF0-AF60-185D38CBFEA5}.Release|Any CPU.ActiveCfg = Release|Any CPU
		{DB46F1EB-8577-4EF0-AF60-185D38CBFEA5}.Release|Any CPU.Build.0 = Release|Any CPU
	EndGlobalSection
	GlobalSection(SolutionProperties) = preSolution
		HideSolutionNode = FALSE
	EndGlobalSection
	GlobalSection(NestedProjects) = preSolution
		{0A07376B-03FC-49B5-8EE1-6CAC288BEDE2} = {2974A603-5855-4C8A-8681-1B230E5EA571}
		{BEBAD237-36E3-41C0-8482-E706D8E84860} = {2974A603-5855-4C8A-8681-1B230E5EA571}
		{B64511DF-2C28-45C8-9646-06488962ABCB} = {2974A603-5855-4C8A-8681-1B230E5EA571}
		{30F44389-9A73-4981-8B64-53D30F15C794} = {B64511DF-2C28-45C8-9646-06488962ABCB}
		{5D699C3A-6FDC-4FCF-B2F9-6AA426D0BF2F} = {2974A603-5855-4C8A-8681-1B230E5EA571}
		{81AF2485-4AB9-4C5D-AB41-524B2A808D73} = {5D699C3A-6FDC-4FCF-B2F9-6AA426D0BF2F}
		{CE114863-AB8B-4B81-943A-B779218A1C4A} = {2974A603-5855-4C8A-8681-1B230E5EA571}
		{F3BF528F-9F0B-483A-8541-BFAD37D13F7E} = {CE114863-AB8B-4B81-943A-B779218A1C4A}
		{DB46F1EB-8577-4EF0-AF60-185D38CBFEA5} = {B64511DF-2C28-45C8-9646-06488962ABCB}
	EndGlobalSection
	GlobalSection(ExtensibilityGlobals) = postSolution
		SolutionGuid = {0F026B51-F8F2-4DD4-9335-5D3AB833A432}
	EndGlobalSection
EndGlobal
